
Microsoft Visual Studio Solution File, Format Version 12.00
# Visual Studio 15
VisualStudioVersion = 15.0.28307.539
MinimumVisualStudioVersion = 10.0.40219.1
Project("{8BC9CEB8-8B4A-11D0-8D11-00A0C91BC942}") = "stack_queue_progresses", "stack_queue_progresses.vcxproj", "{AFCF285C-48D4-431D-92B1-622040A201EA}"
EndProject
Global
	GlobalSection(SolutionConfigurationPlatforms) = preSolution
		Debug|x64 = Debug|x64
		Debug|x86 = Debug|x86
		Release|x64 = Release|x64
		Release|x86 = Release|x86
	EndGlobalSection
	GlobalSection(ProjectConfigurationPlatforms) = postSolution
		{AFCF285C-48D4-431D-92B1-622040A201EA}.Debug|x64.ActiveCfg = Debug|x64
		{AFCF285C-48D4-431D-92B1-622040A201EA}.Debug|x64.Build.0 = Debug|x64
		{AFCF285C-48D4-431D-92B1-622040A201EA}.Debug|x86.ActiveCfg = Debug|Win32
		{AFCF285C-48D4-431D-92B1-622040A201EA}.Debug|x86.Build.0 = Debug|Win32
		{AFCF285C-48D4-431D-92B1-622040A201EA}.Release|x64.ActiveCfg = Release|x64
		{AFCF285C-48D4-431D-92B1-622040A201EA}.Release|x64.Build.0 = Release|x64
		{AFCF285C-48D4-431D-92B1-622040A201EA}.Release|x86.ActiveCfg = Release|Win32
		{AFCF285C-48D4-431D-92B1-622040A201EA}.Release|x86.Build.0 = Release|Win32
	EndGlobalSection
	GlobalSection(SolutionProperties) = preSolution
		HideSolutionNode = FALSE
	EndGlobalSection
	GlobalSection(ExtensibilityGlobals) = postSolution
		SolutionGuid = {9FFBC974-EA9C-4A63-AE5E-9122E99640A7}
	EndGlobalSection
EndGlobal
